
Microsoft Visual Studio Solution File, Format Version 12.00
# Visual Studio Version 16
VisualStudioVersion = 16.0.30611.23
MinimumVisualStudioVersion = 10.0.40219.1
Project("{FAE04EC0-301F-11D3-BF4B-00C04F79EFBC}") = "Teste.Inoa.StockQuoteAlert", "Teste.Inoa.StockQuoteAlert\Teste.Inoa.StockQuoteAlert.csproj", "{E2E63BBF-B223-43B1-A703-A9EA9E3CB151}"
EndProject
Project("{FAE04EC0-301F-11D3-BF4B-00C04F79EFBC}") = "Teste.Inoa.StockQuoteAlert.TestesUnitarios", "Teste.Inoa.StockQuoteAlert.TestesUnitarios\Teste.Inoa.StockQuoteAlert.TestesUnitarios.csproj", "{5BB60400-630B-4F6E-91C9-235DF7C57802}"
EndProject
Global
	GlobalSection(SolutionConfigurationPlatforms) = preSolution
		Debug|Any CPU = Debug|Any CPU
		Release|Any CPU = Release|Any CPU
	EndGlobalSection
	GlobalSection(ProjectConfigurationPlatforms) = postSolution
		{E2E63BBF-B223-43B1-A703-A9EA9E3CB151}.Debug|Any CPU.ActiveCfg = Debug|Any CPU
		{E2E63BBF-B223-43B1-A703-A9EA9E3CB151}.Debug|Any CPU.Build.0 = Debug|Any CPU
		{E2E63BBF-B223-43B1-A703-A9EA9E3CB151}.Release|Any CPU.ActiveCfg = Release|Any CPU
		{E2E63BBF-B223-43B1-A703-A9EA9E3CB151}.Release|Any CPU.Build.0 = Release|Any CPU
		{5BB60400-630B-4F6E-91C9-235DF7C57802}.Debug|Any CPU.ActiveCfg = Debug|Any CPU
		{5BB60400-630B-4F6E-91C9-235DF7C57802}.Debug|Any CPU.Build.0 = Debug|Any CPU
		{5BB60400-630B-4F6E-91C9-235DF7C57802}.Release|Any CPU.ActiveCfg = Release|Any CPU
		{5BB60400-630B-4F6E-91C9-235DF7C57802}.Release|Any CPU.Build.0 = Release|Any CPU
	EndGlobalSection
	GlobalSection(SolutionProperties) = preSolution
		HideSolutionNode = FALSE
	EndGlobalSection
	GlobalSection(ExtensibilityGlobals) = postSolution
		SolutionGuid = {623A15AB-A9A4-4A61-9C42-BD8CC44009F5}
	EndGlobalSection
EndGlobal
